PODS:
  - AppCore (1.0.0)

DEPENDENCIES:
  - AppCore (from `../../packages/AppCore/AppCore.podspec`)

EXTERNAL SOURCES:
  AppCore:
    :path: "../../packages/AppCore/AppCore.podspec"

SPEC CHECKSUMS:
  AppCore: a5dc25a86797d72823f8d105f12f76062752f39c

PODFILE CHECKSUM: f12578f867092581552199b3a152993bd48c77ed

COCOAPODS: 1.16.2
