PODS:
  - AppCore (1.0.0)

DEPENDENCIES:
  - AppCore (from `../../packages/AppCore/AppCore.podspec`)

EXTERNAL SOURCES:
  AppCore:
    :path: "../../packages/AppCore/AppCore.podspec"

SPEC CHECKSUMS:
  AppCore: 0cfdb403201394da1c06b7b6549426e419e65eb0

PODFILE CHECKSUM: f12578f867092581552199b3a152993bd48c77ed

COCOAPODS: 1.16.2
